
Microsoft Visual Studio Solution File, Format Version 12.00
# Visual Studio Version 17
VisualStudioVersion = 17.8.34525.116
MinimumVisualStudioVersion = 10.0.40219.1
Project("{FAE04EC0-301F-11D3-BF4B-00C04F79EFBC}") = "Chiwiro", "Chiwiro\Chiwiro.csproj", "{AC169D3E-BACF-4661-B99B-61DEC185A9E4}"
EndProject
Project("{FAE04EC0-301F-11D3-BF4B-00C04F79EFBC}") = "MainChiwiro", "MainChiwiro\MainChiwiro.csproj", "{18F8FCF6-7922-47B8-82B7-0DF9B38CF0C5}"
EndProject
Global
	GlobalSection(SolutionConfigurationPlatforms) = preSolution
		Debug|Any CPU = Debug|Any CPU
		Release|Any CPU = Release|Any CPU
	EndGlobalSection
	GlobalSection(ProjectConfigurationPlatforms) = postSolution
		{AC169D3E-BACF-4661-B99B-61DEC185A9E4}.Debug|Any CPU.ActiveCfg = Debug|Any CPU
		{AC169D3E-BACF-4661-B99B-61DEC185A9E4}.Debug|Any CPU.Build.0 = Debug|Any CPU
		{AC169D3E-BACF-4661-B99B-61DEC185A9E4}.Release|Any CPU.ActiveCfg = Release|Any CPU
		{AC169D3E-BACF-4661-B99B-61DEC185A9E4}.Release|Any CPU.Build.0 = Release|Any CPU
		{18F8FCF6-7922-47B8-82B7-0DF9B38CF0C5}.Debug|Any CPU.ActiveCfg = Debug|Any CPU
		{18F8FCF6-7922-47B8-82B7-0DF9B38CF0C5}.Debug|Any CPU.Build.0 = Debug|Any CPU
		{18F8FCF6-7922-47B8-82B7-0DF9B38CF0C5}.Release|Any CPU.ActiveCfg = Release|Any CPU
		{18F8FCF6-7922-47B8-82B7-0DF9B38CF0C5}.Release|Any CPU.Build.0 = Release|Any CPU
	EndGlobalSection
	GlobalSection(SolutionProperties) = preSolution
		HideSolutionNode = FALSE
	EndGlobalSection
	GlobalSection(ExtensibilityGlobals) = postSolution
		SolutionGuid = {EEA974CE-37B0-43DA-964E-F18FC18A030F}
	EndGlobalSection
EndGlobal
